<?xml version="1.0" encoding="utf-8"?>
<Project ToolsVersion="4.0" xmlns="http://schemas.microsoft.com/developer/msbuild/2003">
  <ItemGroup>
    <Filter Include="Source Files">
      <UniqueIdentifier>{4FC737F1-C7A5-4376-A066-2A32D752A2FF}</UniqueIdentifier>
      <Extensions>cpp;cxx;c;def</Extensions>
    </Filter>
    <Filter Include="Header Files">
      <UniqueIdentifier>{93995380-89BD-4b04-88EB-625FBE52EBFB}</UniqueIdentifier>
      <Extensions>h</Extensions>
    </Filter>
    <Filter Include="Resource Files">
      <UniqueIdentifier>{D9D6E242-F8AF-46E4-B9FD-80ECBC20BA3E}</UniqueIdentifier>
      <Extensions>qrc;*</Extensions>
      <ParseFiles>false</ParseFiles>
    </Filter>
    <Filter Include="Generated Files">
      <UniqueIdentifier>{71ED8ED8-ACB9-4CE9-BBE1-E00B30144E11}</UniqueIdentifier>
      <Extensions>moc;h;cpp</Extensions>
      <SourceControlFiles>False</SourceControlFiles>
    </Filter>
    <Filter Include="Generated Files\Debug">
      <UniqueIdentifier>{9598974a-26c8-404d-ad63-1e2577ea7335}</UniqueIdentifier>
      <Extensions>cpp;moc</Extensions>
      <SourceControlFiles>False</SourceControlFiles>
    </Filter>
    <Filter Include="Generated Files\Release">
      <UniqueIdentifier>{e7828e4c-ba13-4646-a82c-45d88ce0c2e4}</UniqueIdentifier>
      <Extensions>cpp;moc</Extensions>
      <SourceControlFiles>False</SourceControlFiles>
    </Filter>
    <Filter Include="Header Files\net">
      <UniqueIdentifier>{0ddd925f-7ec6-492f-b49c-d9f48b426855}</UniqueIdentifier>
    </Filter>
    <Filter Include="Source Files\net">
      <UniqueIdentifier>{09a3307c-f64c-46f4-8d5e-e3845ca264b3}</UniqueIdentifier>
    </Filter>
    <Filter Include="Header Files\global">
      <UniqueIdentifier>{84a57408-7f6b-42df-9e8f-63e87e1307b8}</UniqueIdentifier>
    </Filter>
    <Filter Include="Header Files\telephony">
      <UniqueIdentifier>{20ca4ebc-9170-4c71-83f4-9d7aa426a847}</UniqueIdentifier>
    </Filter>
    <Filter Include="Source Files\telephony">
      <UniqueIdentifier>{b6c73696-167e-46c5-8f49-7a917ab380d2}</UniqueIdentifier>
    </Filter>
  </ItemGroup>
  <ItemGroup>
    <ClCompile Include="main.cpp">
      <Filter>Source Files</Filter>
    </ClCompile>
    <ClCompile Include="GeneratedFiles\Debug\moc_Multiplexer.cpp">
      <Filter>Generated Files\Debug</Filter>
    </ClCompile>
    <ClCompile Include="GeneratedFiles\Release\moc_Multiplexer.cpp">
      <Filter>Generated Files\Release</Filter>
    </ClCompile>
    <ClCompile Include="GeneratedFiles\Debug\moc_Apipa.cpp">
      <Filter>Generated Files\Debug</Filter>
    </ClCompile>
    <ClCompile Include="GeneratedFiles\Release\moc_Apipa.cpp">
      <Filter>Generated Files\Release</Filter>
    </ClCompile>
    <ClCompile Include="GeneratedFiles\Debug\moc_Context.cpp">
      <Filter>Generated Files\Debug</Filter>
    </ClCompile>
    <ClCompile Include="GeneratedFiles\Release\moc_Context.cpp">
      <Filter>Generated Files\Release</Filter>
    </ClCompile>
    <ClCompile Include="GeneratedFiles\Debug\moc_TcpServer.cpp">
      <Filter>Generated Files\Debug</Filter>
    </ClCompile>
    <ClCompile Include="GeneratedFiles\Release\moc_TcpServer.cpp">
      <Filter>Generated Files\Release</Filter>
    </ClCompile>
    <ClCompile Include="Apipa.cpp">
      <Filter>Source Files\net</Filter>
    </ClCompile>
    <ClCompile Include="TcpServer.cpp">
      <Filter>Source Files\net</Filter>
    </ClCompile>
    <ClCompile Include="GeneratedFiles\Debug\moc_UdpSocket.cpp">
      <Filter>Generated Files\Debug</Filter>
    </ClCompile>
    <ClCompile Include="GeneratedFiles\Debug\moc_TcpSocket.cpp">
      <Filter>Generated Files\Debug</Filter>
    </ClCompile>
    <ClCompile Include="GeneratedFiles\Release\moc_TcpSocket.cpp">
      <Filter>Generated Files\Release</Filter>
    </ClCompile>
    <ClCompile Include="GeneratedFiles\Release\moc_UdpSocket.cpp">
      <Filter>Generated Files\Release</Filter>
    </ClCompile>
    <ClCompile Include="TcpSocket.cpp">
      <Filter>Source Files\net</Filter>
    </ClCompile>
    <ClCompile Include="UdpSocket.cpp">
      <Filter>Source Files\net</Filter>
    </ClCompile>
    <ClCompile Include="Multiplexer.cpp">
      <Filter>Source Files\telephony</Filter>
    </ClCompile>
    <ClCompile Include="Context.cpp">
      <Filter>Source Files\telephony</Filter>
    </ClCompile>
    <ClCompile Include="GeneratedFiles\Debug\moc_Agent.cpp">
      <Filter>Generated Files\Debug</Filter>
    </ClCompile>
    <ClCompile Include="GeneratedFiles\Release\moc_Agent.cpp">
      <Filter>Generated Files\Release</Filter>
    </ClCompile>
    <ClCompile Include="Agent.cpp">
      <Filter>Source Files\telephony</Filter>
    </ClCompile>
    <ClCompile Include="NetStatus.cpp">
      <Filter>Source Files\net</Filter>
    </ClCompile>
    <ClCompile Include="TransportUtils.cpp">
      <Filter>Source Files\net</Filter>
    </ClCompile>
    <ClCompile Include="InterfaceUtils.cpp">
      <Filter>Source Files\net</Filter>
    </ClCompile>
    <ClCompile Include="GeneratedFiles\Debug\moc_NetStatus.cpp">
      <Filter>Generated Files\Debug</Filter>
    </ClCompile>
    <ClCompile Include="GeneratedFiles\Release\moc_NetStatus.cpp">
      <Filter>Generated Files\Release</Filter>
    </ClCompile>
  </ItemGroup>
  <ItemGroup>
    <CustomBuild Include="Apipa.h">
      <Filter>Header Files\net</Filter>
    </CustomBuild>
    <CustomBuild Include="TcpServer.h">
      <Filter>Header Files\net</Filter>
    </CustomBuild>
    <CustomBuild Include="TcpSocket.h">
      <Filter>Header Files\net</Filter>
    </CustomBuild>
    <CustomBuild Include="UdpSocket.h">
      <Filter>Header Files\net</Filter>
    </CustomBuild>
    <CustomBuild Include="Multiplexer.h">
      <Filter>Header Files\telephony</Filter>
    </CustomBuild>
    <CustomBuild Include="Context.h">
      <Filter>Header Files\telephony</Filter>
    </CustomBuild>
    <CustomBuild Include="Agent.h">
      <Filter>Header Files\telephony</Filter>
    </CustomBuild>
    <CustomBuild Include="NetStatus.h">
      <Filter>Header Files\net</Filter>
    </CustomBuild>
  </ItemGroup>
  <ItemGroup>
    <ClInclude Include="Types.h">
      <Filter>Header Files\global</Filter>
    </ClInclude>
    <ClInclude Include="TransportUtils.h">
      <Filter>Header Files\net</Filter>
    </ClInclude>
    <ClInclude Include="InterfaceUtils.h">
      <Filter>Header Files\net</Filter>
    </ClInclude>
    <ClInclude Include="stdafx.h">
      <Filter>Header Files\global</Filter>
    </ClInclude>
    <ClInclude Include="resource.h">
      <Filter>Header Files</Filter>
    </ClInclude>
  </ItemGroup>
  <ItemGroup>
    <ResourceCompile Include="telephone.rc" />
  </ItemGroup>
</Project>